
Microsoft Visual Studio Solution File, Format Version 12.00
# Visual Studio Version 16
VisualStudioVersion = 16.0.29215.179
MinimumVisualStudioVersion = 10.0.40219.1
Project("{FAE04EC0-301F-11D3-BF4B-00C04F79EFBC}") = "lab4peregr", "lab4peregr\lab4peregr.csproj", "{8332E0E6-C031-478D-88DE-5C8043BDA9DD}"
EndProject
Global
	GlobalSection(SolutionConfigurationPlatforms) = preSolution
		Debug|Any CPU = Debug|Any CPU
		Release|Any CPU = Release|Any CPU
	EndGlobalSection
	GlobalSection(ProjectConfigurationPlatforms) = postSolution
		{8332E0E6-C031-478D-88DE-5C8043BDA9DD}.Debug|Any CPU.ActiveCfg = Debug|Any CPU
		{8332E0E6-C031-478D-88DE-5C8043BDA9DD}.Debug|Any CPU.Build.0 = Debug|Any CPU
		{8332E0E6-C031-478D-88DE-5C8043BDA9DD}.Release|Any CPU.ActiveCfg = Release|Any CPU
		{8332E0E6-C031-478D-88DE-5C8043BDA9DD}.Release|Any CPU.Build.0 = Release|Any CPU
	EndGlobalSection
	GlobalSection(SolutionProperties) = preSolution
		HideSolutionNode = FALSE
	EndGlobalSection
	GlobalSection(ExtensibilityGlobals) = postSolution
		SolutionGuid = {B8F8E346-7E9D-4A49-BAB8-3F45CF87E32D}
	EndGlobalSection
EndGlobal
