
Microsoft Visual Studio Solution File, Format Version 12.00
# Visual Studio Version 16
VisualStudioVersion = 16.0.29509.3
MinimumVisualStudioVersion = 10.0.40219.1
Project("{FAE04EC0-301F-11D3-BF4B-00C04F79EFBC}") = "json", "json\json.csproj", "{EC740205-6226-420D-B378-A66393386B4E}"
EndProject
Global
	GlobalSection(SolutionConfigurationPlatforms) = preSolution
		Debug|Any CPU = Debug|Any CPU
		Release|Any CPU = Release|Any CPU
	EndGlobalSection
	GlobalSection(ProjectConfigurationPlatforms) = postSolution
		{EC740205-6226-420D-B378-A66393386B4E}.Debug|Any CPU.ActiveCfg = Debug|Any CPU
		{EC740205-6226-420D-B378-A66393386B4E}.Debug|Any CPU.Build.0 = Debug|Any CPU
		{EC740205-6226-420D-B378-A66393386B4E}.Release|Any CPU.ActiveCfg = Release|Any CPU
		{EC740205-6226-420D-B378-A66393386B4E}.Release|Any CPU.Build.0 = Release|Any CPU
	EndGlobalSection
	GlobalSection(SolutionProperties) = preSolution
		HideSolutionNode = FALSE
	EndGlobalSection
	GlobalSection(ExtensibilityGlobals) = postSolution
		SolutionGuid = {D3CD4B2A-3AE8-4C63-BF05-66FCE6319DBA}
	EndGlobalSection
EndGlobal
