
Microsoft Visual Studio Solution File, Format Version 12.00
# Visual Studio Version 16
VisualStudioVersion = 16.0.29509.3
MinimumVisualStudioVersion = 10.0.40219.1
Project("{FAE04EC0-301F-11D3-BF4B-00C04F79EFBC}") = "ekz", "ekz\ekz.csproj", "{91B079E7-18F1-40DE-A54F-7B600E97183C}"
EndProject
Global
	GlobalSection(SolutionConfigurationPlatforms) = preSolution
		Debug|Any CPU = Debug|Any CPU
		Release|Any CPU = Release|Any CPU
	EndGlobalSection
	GlobalSection(ProjectConfigurationPlatforms) = postSolution
		{91B079E7-18F1-40DE-A54F-7B600E97183C}.Debug|Any CPU.ActiveCfg = Debug|Any CPU
		{91B079E7-18F1-40DE-A54F-7B600E97183C}.Debug|Any CPU.Build.0 = Debug|Any CPU
		{91B079E7-18F1-40DE-A54F-7B600E97183C}.Release|Any CPU.ActiveCfg = Release|Any CPU
		{91B079E7-18F1-40DE-A54F-7B600E97183C}.Release|Any CPU.Build.0 = Release|Any CPU
	EndGlobalSection
	GlobalSection(SolutionProperties) = preSolution
		HideSolutionNode = FALSE
	EndGlobalSection
	GlobalSection(ExtensibilityGlobals) = postSolution
		SolutionGuid = {80582125-6FE5-4D2D-93F7-C7D7DA4AD52B}
	EndGlobalSection
EndGlobal
