
Microsoft Visual Studio Solution File, Format Version 12.00
# Visual Studio Version 16
VisualStudioVersion = 16.0.29509.3
MinimumVisualStudioVersion = 10.0.40219.1
Project("{FAE04EC0-301F-11D3-BF4B-00C04F79EFBC}") = "12lab1", "12lab1\12lab1.csproj", "{606417B6-D8F8-4260-BC3D-C1BE3E8DDBBA}"
EndProject
Global
	GlobalSection(SolutionConfigurationPlatforms) = preSolution
		Debug|Any CPU = Debug|Any CPU
		Release|Any CPU = Release|Any CPU
	EndGlobalSection
	GlobalSection(ProjectConfigurationPlatforms) = postSolution
		{606417B6-D8F8-4260-BC3D-C1BE3E8DDBBA}.Debug|Any CPU.ActiveCfg = Debug|Any CPU
		{606417B6-D8F8-4260-BC3D-C1BE3E8DDBBA}.Debug|Any CPU.Build.0 = Debug|Any CPU
		{606417B6-D8F8-4260-BC3D-C1BE3E8DDBBA}.Release|Any CPU.ActiveCfg = Release|Any CPU
		{606417B6-D8F8-4260-BC3D-C1BE3E8DDBBA}.Release|Any CPU.Build.0 = Release|Any CPU
	EndGlobalSection
	GlobalSection(SolutionProperties) = preSolution
		HideSolutionNode = FALSE
	EndGlobalSection
	GlobalSection(ExtensibilityGlobals) = postSolution
		SolutionGuid = {FDE36EB4-CE52-4B6B-AB35-AFB76B2E5765}
	EndGlobalSection
EndGlobal
