
Microsoft Visual Studio Solution File, Format Version 12.00
# Visual Studio Version 16
VisualStudioVersion = 16.0.29509.3
MinimumVisualStudioVersion = 10.0.40219.1
Project("{FAE04EC0-301F-11D3-BF4B-00C04F79EFBC}") = "11lab", "11lab\11lab.csproj", "{F38D2257-CD9A-406A-A26E-EE96A3D6C47E}"
EndProject
Global
	GlobalSection(SolutionConfigurationPlatforms) = preSolution
		Debug|Any CPU = Debug|Any CPU
		Release|Any CPU = Release|Any CPU
	EndGlobalSection
	GlobalSection(ProjectConfigurationPlatforms) = postSolution
		{F38D2257-CD9A-406A-A26E-EE96A3D6C47E}.Debug|Any CPU.ActiveCfg = Debug|Any CPU
		{F38D2257-CD9A-406A-A26E-EE96A3D6C47E}.Debug|Any CPU.Build.0 = Debug|Any CPU
		{F38D2257-CD9A-406A-A26E-EE96A3D6C47E}.Release|Any CPU.ActiveCfg = Release|Any CPU
		{F38D2257-CD9A-406A-A26E-EE96A3D6C47E}.Release|Any CPU.Build.0 = Release|Any CPU
	EndGlobalSection
	GlobalSection(SolutionProperties) = preSolution
		HideSolutionNode = FALSE
	EndGlobalSection
	GlobalSection(ExtensibilityGlobals) = postSolution
		SolutionGuid = {4C22AB91-8336-4BE6-A68D-7CCF1E7E0968}
	EndGlobalSection
EndGlobal
