
Microsoft Visual Studio Solution File, Format Version 12.00
# Visual Studio Version 16
VisualStudioVersion = 16.0.29509.3
MinimumVisualStudioVersion = 10.0.40219.1
Project("{FAE04EC0-301F-11D3-BF4B-00C04F79EFBC}") = "kontr", "kontr\kontr.csproj", "{B55FEE5A-9957-4DD2-8448-DA3FE9BF9E51}"
EndProject
Global
	GlobalSection(SolutionConfigurationPlatforms) = preSolution
		Debug|Any CPU = Debug|Any CPU
		Release|Any CPU = Release|Any CPU
	EndGlobalSection
	GlobalSection(ProjectConfigurationPlatforms) = postSolution
		{B55FEE5A-9957-4DD2-8448-DA3FE9BF9E51}.Debug|Any CPU.ActiveCfg = Debug|Any CPU
		{B55FEE5A-9957-4DD2-8448-DA3FE9BF9E51}.Debug|Any CPU.Build.0 = Debug|Any CPU
		{B55FEE5A-9957-4DD2-8448-DA3FE9BF9E51}.Release|Any CPU.ActiveCfg = Release|Any CPU
		{B55FEE5A-9957-4DD2-8448-DA3FE9BF9E51}.Release|Any CPU.Build.0 = Release|Any CPU
	EndGlobalSection
	GlobalSection(SolutionProperties) = preSolution
		HideSolutionNode = FALSE
	EndGlobalSection
	GlobalSection(ExtensibilityGlobals) = postSolution
		SolutionGuid = {14F0916B-366E-4E4C-8A96-4D1B6FB04E6D}
	EndGlobalSection
EndGlobal
